
Microsoft Visual Studio Solution File, Format Version 12.00
# Visual Studio Version 17
VisualStudioVersion = 17.4.33213.308
MinimumVisualStudioVersion = 10.0.40219.1
Project("{FAE04EC0-301F-11D3-BF4B-00C04F79EFBC}") = "Projeto05", "Projeto05\Projeto05.csproj", "{482D05BC-8A5F-4A60-B0D7-299328DF2DFE}"
EndProject
Global
	GlobalSection(SolutionConfigurationPlatforms) = preSolution
		Debug|Any CPU = Debug|Any CPU
		Release|Any CPU = Release|Any CPU
	EndGlobalSection
	GlobalSection(ProjectConfigurationPlatforms) = postSolution
		{482D05BC-8A5F-4A60-B0D7-299328DF2DFE}.Debug|Any CPU.ActiveCfg = Debug|Any CPU
		{482D05BC-8A5F-4A60-B0D7-299328DF2DFE}.Debug|Any CPU.Build.0 = Debug|Any CPU
		{482D05BC-8A5F-4A60-B0D7-299328DF2DFE}.Release|Any CPU.ActiveCfg = Release|Any CPU
		{482D05BC-8A5F-4A60-B0D7-299328DF2DFE}.Release|Any CPU.Build.0 = Release|Any CPU
	EndGlobalSection
	GlobalSection(SolutionProperties) = preSolution
		HideSolutionNode = FALSE
	EndGlobalSection
	GlobalSection(ExtensibilityGlobals) = postSolution
		SolutionGuid = {134C5871-0A78-4DD5-A46A-F44161254435}
	EndGlobalSection
EndGlobal
